
Microsoft Visual Studio Solution File, Format Version 12.00
# Visual Studio Version 17
VisualStudioVersion = 17.6.33723.286
MinimumVisualStudioVersion = 10.0.40219.1
Project("{FAE04EC0-301F-11D3-BF4B-00C04F79EFBC}") = "lab8", "lab8\lab8.csproj", "{CD008146-4C26-4BC5-8256-C068D113E9A3}"
EndProject
Project("{FAE04EC0-301F-11D3-BF4B-00C04F79EFBC}") = "Business", "Business\Business.csproj", "{00587E8C-B6B7-4FCE-8027-C54B93309A5F}"
EndProject
Project("{FAE04EC0-301F-11D3-BF4B-00C04F79EFBC}") = "Entity", "Entity\Entity.csproj", "{9791BD1F-1196-4B2B-BEFD-D2D7BC0D27A2}"
EndProject
Project("{FAE04EC0-301F-11D3-BF4B-00C04F79EFBC}") = "Data", "Data\Data.csproj", "{7B82C12A-C322-4252-9CA4-33973ED1DF17}"
EndProject
Global
	GlobalSection(SolutionConfigurationPlatforms) = preSolution
		Debug|Any CPU = Debug|Any CPU
		Release|Any CPU = Release|Any CPU
	EndGlobalSection
	GlobalSection(ProjectConfigurationPlatforms) = postSolution
		{CD008146-4C26-4BC5-8256-C068D113E9A3}.Debug|Any CPU.ActiveCfg = Debug|Any CPU
		{CD008146-4C26-4BC5-8256-C068D113E9A3}.Debug|Any CPU.Build.0 = Debug|Any CPU
		{CD008146-4C26-4BC5-8256-C068D113E9A3}.Release|Any CPU.ActiveCfg = Release|Any CPU
		{CD008146-4C26-4BC5-8256-C068D113E9A3}.Release|Any CPU.Build.0 = Release|Any CPU
		{00587E8C-B6B7-4FCE-8027-C54B93309A5F}.Debug|Any CPU.ActiveCfg = Debug|Any CPU
		{00587E8C-B6B7-4FCE-8027-C54B93309A5F}.Debug|Any CPU.Build.0 = Debug|Any CPU
		{00587E8C-B6B7-4FCE-8027-C54B93309A5F}.Release|Any CPU.ActiveCfg = Release|Any CPU
		{00587E8C-B6B7-4FCE-8027-C54B93309A5F}.Release|Any CPU.Build.0 = Release|Any CPU
		{9791BD1F-1196-4B2B-BEFD-D2D7BC0D27A2}.Debug|Any CPU.ActiveCfg = Debug|Any CPU
		{9791BD1F-1196-4B2B-BEFD-D2D7BC0D27A2}.Debug|Any CPU.Build.0 = Debug|Any CPU
		{9791BD1F-1196-4B2B-BEFD-D2D7BC0D27A2}.Release|Any CPU.ActiveCfg = Release|Any CPU
		{9791BD1F-1196-4B2B-BEFD-D2D7BC0D27A2}.Release|Any CPU.Build.0 = Release|Any CPU
		{7B82C12A-C322-4252-9CA4-33973ED1DF17}.Debug|Any CPU.ActiveCfg = Debug|Any CPU
		{7B82C12A-C322-4252-9CA4-33973ED1DF17}.Debug|Any CPU.Build.0 = Debug|Any CPU
		{7B82C12A-C322-4252-9CA4-33973ED1DF17}.Release|Any CPU.ActiveCfg = Release|Any CPU
		{7B82C12A-C322-4252-9CA4-33973ED1DF17}.Release|Any CPU.Build.0 = Release|Any CPU
	EndGlobalSection
	GlobalSection(SolutionProperties) = preSolution
		HideSolutionNode = FALSE
	EndGlobalSection
	GlobalSection(ExtensibilityGlobals) = postSolution
		SolutionGuid = {1F1BBCB4-DD15-4F05-97B3-5DCFD32A9DD1}
	EndGlobalSection
EndGlobal
